// !$*UTF8*$!
{
	archiveVersion = 1;
	classes = {
	};
	objectVersion = 46;
	objects = {

/* Begin PBXBuildFile section */
		460734C15C3A52B39820775E /* libPods-CustomerAppTests.a in Frameworks */ = {isa = PBXBuildFile; fileRef = D42ACD85199554A9E641A912 /* libPods-CustomerAppTests.a */; };
		622CECCA1DD3148900DAFB4E /* CAManager.m in Sources */ = {isa = PBXBuildFile; fileRef = 622CECC91DD3148900DAFB4E /* CAManager.m */; };
		622CECCD1DD3149700DAFB4E /* CANetworkManager.m in Sources */ = {isa = PBXBuildFile; fileRef = 622CECCC1DD3149700DAFB4E /* CANetworkManager.m */; };
		622CECD01DD314A300DAFB4E /* CAAlertManager.m in Sources */ = {isa = PBXBuildFile; fileRef = 622CECCF1DD314A300DAFB4E /* CAAlertManager.m */; };
		622CECD51DD316AA00DAFB4E /* Reachability.m in Sources */ = {isa = PBXBuildFile; fileRef = 622CECD41DD316AA00DAFB4E /* Reachability.m */; };
		622CECD81DD33C4000DAFB4E /* CASubmissionsViewController.m in Sources */ = {isa = PBXBuildFile; fileRef = 622CECD71DD33C4000DAFB4E /* CASubmissionsViewController.m */; };
		622CECDC1DD33D0C00DAFB4E /* UIView+Loading.m in Sources */ = {isa = PBXBuildFile; fileRef = 622CECDB1DD33D0C00DAFB4E /* UIView+Loading.m */; };
		622CECDF1DD3429B00DAFB4E /* CANavigationBarStyler.m in Sources */ = {isa = PBXBuildFile; fileRef = 622CECDE1DD3429B00DAFB4E /* CANavigationBarStyler.m */; };
		622CECE21DD3474A00DAFB4E /* CASubmissionsLogic.m in Sources */ = {isa = PBXBuildFile; fileRef = 622CECE11DD3474A00DAFB4E /* CASubmissionsLogic.m */; };
		622CECEB1DD3498B00DAFB4E /* CAProject.m in Sources */ = {isa = PBXBuildFile; fileRef = 622CECEA1DD3498B00DAFB4E /* CAProject.m */; };
		622CECEE1DD34AB900DAFB4E /* NSDictionary+Additions.m in Sources */ = {isa = PBXBuildFile; fileRef = 622CECED1DD34AB900DAFB4E /* NSDictionary+Additions.m */; };
		622CED2E1DD3746700DAFB4E /* CATaskForm.m in Sources */ = {isa = PBXBuildFile; fileRef = 622CED2D1DD3746700DAFB4E /* CATaskForm.m */; };
		626DEEA21DD310E900DFA46B /* main.m in Sources */ = {isa = PBXBuildFile; fileRef = 626DEEA11DD310E900DFA46B /* main.m */; };
		626DEEA51DD310E900DFA46B /* AppDelegate.m in Sources */ = {isa = PBXBuildFile; fileRef = 626DEEA41DD310E900DFA46B /* AppDelegate.m */; };
		626DEEAB1DD310E900DFA46B /* Main.storyboard in Resources */ = {isa = PBXBuildFile; fileRef = 626DEEA91DD310E900DFA46B /* Main.storyboard */; };
		626DEEAD1DD310E900DFA46B /* Assets.xcassets in Resources */ = {isa = PBXBuildFile; fileRef = 626DEEAC1DD310E900DFA46B /* Assets.xcassets */; };
		626DEEB01DD310E900DFA46B /* LaunchScreen.storyboard in Resources */ = {isa = PBXBuildFile; fileRef = 626DEEAE1DD310E900DFA46B /* LaunchScreen.storyboard */; };
		626DEEBB1DD310EA00DFA46B /* CustomerAppTests.m in Sources */ = {isa = PBXBuildFile; fileRef = 626DEEBA1DD310EA00DFA46B /* CustomerAppTests.m */; };
		62A1EC811DD3EDF800F415B7 /* CASubmissionCollectionViewCell.m in Sources */ = {isa = PBXBuildFile; fileRef = 62A1EC7F1DD3EDF800F415B7 /* CASubmissionCollectionViewCell.m */; };
		62A1EC821DD3EDF800F415B7 /* CASubmissionCollectionViewCell.xib in Resources */ = {isa = PBXBuildFile; fileRef = 62A1EC801DD3EDF800F415B7 /* CASubmissionCollectionViewCell.xib */; };
		62A1EC841DD4626800F415B7 /* Localizable.strings in Resources */ = {isa = PBXBuildFile; fileRef = 62A1EC831DD4626800F415B7 /* Localizable.strings */; };
		62A1EC871DD4657000F415B7 /* CATaskFormQuestion.m in Sources */ = {isa = PBXBuildFile; fileRef = 62A1EC861DD4657000F415B7 /* CATaskFormQuestion.m */; };
		62A1EC8A1DD46BBC00F415B7 /* CASubmission.m in Sources */ = {isa = PBXBuildFile; fileRef = 62A1EC891DD46BBC00F415B7 /* CASubmission.m */; };
		62A1EC8D1DD46BCC00F415B7 /* CAAnswer.m in Sources */ = {isa = PBXBuildFile; fileRef = 62A1EC8C1DD46BCC00F415B7 /* CAAnswer.m */; };
		62A1EC911DD4A0FA00F415B7 /* CAAnswerTableViewCell.m in Sources */ = {isa = PBXBuildFile; fileRef = 62A1EC8F1DD4A0FA00F415B7 /* CAAnswerTableViewCell.m */; };
		62A1EC921DD4A0FA00F415B7 /* CAAnswerTableViewCell.xib in Resources */ = {isa = PBXBuildFile; fileRef = 62A1EC901DD4A0FA00F415B7 /* CAAnswerTableViewCell.xib */; };
		CFD0F5D265A91662DC7A2A8C /* libPods-CustomerApp.a in Frameworks */ = {isa = PBXBuildFile; fileRef = 623124EEDBC81E92BBF39D72 /* libPods-CustomerApp.a */; };
/* End PBXBuildFile section */

/* Begin PBXContainerItemProxy section */
		626DEEB71DD310EA00DFA46B /* PBXContainerItemProxy */ = {
			isa = PBXContainerItemProxy;
			containerPortal = 626DEE951DD310E900DFA46B /* Project object */;
			proxyType = 1;
			remoteGlobalIDString = 626DEE9C1DD310E900DFA46B;
			remoteInfo = CustomerApp;
		};
/* End PBXContainerItemProxy section */

/* Begin PBXFileReference section */
		622CECC81DD3148900DAFB4E /* CAManager.h */ = {isa = PBXFileReference; fileEncoding = 4; lastKnownFileType = sourcecode.c.h; path = CAManager.h; sourceTree = "<group>"; };
		622CECC91DD3148900DAFB4E /* CAManager.m */ = {isa = PBXFileReference; fileEncoding = 4; lastKnownFileType = sourcecode.c.objc; path = CAManager.m; sourceTree = "<group>"; };
		622CECCB1DD3149700DAFB4E /* CANetworkManager.h */ = {isa = PBXFileReference; fileEncoding = 4; lastKnownFileType = sourcecode.c.h; path = CANetworkManager.h; sourceTree = "<group>"; };
		622CECCC1DD3149700DAFB4E /* CANetworkManager.m */ = {isa = PBXFileReference; fileEncoding = 4; lastKnownFileType = sourcecode.c.objc; path = CANetworkManager.m; sourceTree = "<group>"; };
		622CECCE1DD314A300DAFB4E /* CAAlertManager.h */ = {isa = PBXFileReference; fileEncoding = 4; lastKnownFileType = sourcecode.c.h; path = CAAlertManager.h; sourceTree = "<group>"; };
		622CECCF1DD314A300DAFB4E /* CAAlertManager.m */ = {isa = PBXFileReference; fileEncoding = 4; lastKnownFileType = sourcecode.c.objc; path = CAAlertManager.m; sourceTree = "<group>"; };
		622CECD11DD314CE00DAFB4E /* CAPrefixHeader.pch */ = {isa = PBXFileReference; fileEncoding = 4; lastKnownFileType = sourcecode.c.h; path = CAPrefixHeader.pch; sourceTree = "<group>"; };
		622CECD31DD316AA00DAFB4E /* Reachability.h */ = {isa = PBXFileReference; fileEncoding = 4; lastKnownFileType = sourcecode.c.h; path = Reachability.h; sourceTree = "<group>"; };
		622CECD41DD316AA00DAFB4E /* Reachability.m */ = {isa = PBXFileReference; fileEncoding = 4; lastKnownFileType = sourcecode.c.objc; path = Reachability.m; sourceTree = "<group>"; };
		622CECD61DD33C4000DAFB4E /* CASubmissionsViewController.h */ = {isa = PBXFileReference; fileEncoding = 4; lastKnownFileType = sourcecode.c.h; path = CASubmissionsViewController.h; sourceTree = "<group>"; };
		622CECD71DD33C4000DAFB4E /* CASubmissionsViewController.m */ = {isa = PBXFileReference; fileEncoding = 4; lastKnownFileType = sourcecode.c.objc; path = CASubmissionsViewController.m; sourceTree = "<group>"; };
		622CECDA1DD33D0C00DAFB4E /* UIView+Loading.h */ = {isa = PBXFileReference; fileEncoding = 4; lastKnownFileType = sourcecode.c.h; path = "UIView+Loading.h"; sourceTree = "<group>"; };
		622CECDB1DD33D0C00DAFB4E /* UIView+Loading.m */ = {isa = PBXFileReference; fileEncoding = 4; lastKnownFileType = sourcecode.c.objc; path = "UIView+Loading.m"; sourceTree = "<group>"; };
		622CECDD1DD3429B00DAFB4E /* CANavigationBarStyler.h */ = {isa = PBXFileReference; fileEncoding = 4; lastKnownFileType = sourcecode.c.h; path = CANavigationBarStyler.h; sourceTree = "<group>"; };
		622CECDE1DD3429B00DAFB4E /* CANavigationBarStyler.m */ = {isa = PBXFileReference; fileEncoding = 4; lastKnownFileType = sourcecode.c.objc; path = CANavigationBarStyler.m; sourceTree = "<group>"; };
		622CECE01DD3474A00DAFB4E /* CASubmissionsLogic.h */ = {isa = PBXFileReference; fileEncoding = 4; lastKnownFileType = sourcecode.c.h; path = CASubmissionsLogic.h; sourceTree = "<group>"; };
		622CECE11DD3474A00DAFB4E /* CASubmissionsLogic.m */ = {isa = PBXFileReference; fileEncoding = 4; lastKnownFileType = sourcecode.c.objc; path = CASubmissionsLogic.m; sourceTree = "<group>"; };
		622CECE91DD3498B00DAFB4E /* CAProject.h */ = {isa = PBXFileReference; fileEncoding = 4; lastKnownFileType = sourcecode.c.h; path = CAProject.h; sourceTree = "<group>"; };
		622CECEA1DD3498B00DAFB4E /* CAProject.m */ = {isa = PBXFileReference; fileEncoding = 4; lastKnownFileType = sourcecode.c.objc; path = CAProject.m; sourceTree = "<group>"; };
		622CECEC1DD34AB900DAFB4E /* NSDictionary+Additions.h */ = {isa = PBXFileReference; fileEncoding = 4; lastKnownFileType = sourcecode.c.h; path = "NSDictionary+Additions.h"; sourceTree = "<group>"; };
		622CECED1DD34AB900DAFB4E /* NSDictionary+Additions.m */ = {isa = PBXFileReference; fileEncoding = 4; lastKnownFileType = sourcecode.c.objc; path = "NSDictionary+Additions.m"; sourceTree = "<group>"; };
		622CED2C1DD3746700DAFB4E /* CATaskForm.h */ = {isa = PBXFileReference; fileEncoding = 4; lastKnownFileType = sourcecode.c.h; path = CATaskForm.h; sourceTree = "<group>"; };
		622CED2D1DD3746700DAFB4E /* CATaskForm.m */ = {isa = PBXFileReference; fileEncoding = 4; lastKnownFileType = sourcecode.c.objc; path = CATaskForm.m; sourceTree = "<group>"; };
		623124EEDBC81E92BBF39D72 /* libPods-CustomerApp.a */ = {isa = PBXFileReference; explicitFileType = archive.ar; includeInIndex = 0; path = "libPods-CustomerApp.a"; sourceTree = BUILT_PRODUCTS_DIR; };
		626DEE9D1DD310E900DFA46B /* CustomerApp.app */ = {isa = PBXFileReference; explicitFileType = wrapper.application; includeInIndex = 0; path = CustomerApp.app; sourceTree = BUILT_PRODUCTS_DIR; };
		626DEEA11DD310E900DFA46B /* main.m */ = {isa = PBXFileReference; lastKnownFileType = sourcecode.c.objc; path = main.m; sourceTree = "<group>"; };
		626DEEA31DD310E900DFA46B /* AppDelegate.h */ = {isa = PBXFileReference; lastKnownFileType = sourcecode.c.h; path = AppDelegate.h; sourceTree = "<group>"; };
		626DEEA41DD310E900DFA46B /* AppDelegate.m */ = {isa = PBXFileReference; lastKnownFileType = sourcecode.c.objc; path = AppDelegate.m; sourceTree = "<group>"; };
		626DEEAA1DD310E900DFA46B /* Base */ = {isa = PBXFileReference; lastKnownFileType = file.storyboard; name = Base; path = Base.lproj/Main.storyboard; sourceTree = "<group>"; };
		626DEEAC1DD310E900DFA46B /* Assets.xcassets */ = {isa = PBXFileReference; lastKnownFileType = folder.assetcatalog; path = Assets.xcassets; sourceTree = "<group>"; };
		626DEEAF1DD310E900DFA46B /* Base */ = {isa = PBXFileReference; lastKnownFileType = file.storyboard; name = Base; path = Base.lproj/LaunchScreen.storyboard; sourceTree = "<group>"; };
		626DEEB11DD310E900DFA46B /* Info.plist */ = {isa = PBXFileReference; lastKnownFileType = text.plist.xml; path = Info.plist; sourceTree = "<group>"; };
		626DEEB61DD310EA00DFA46B /* CustomerAppTests.xctest */ = {isa = PBXFileReference; explicitFileType = wrapper.cfbundle; includeInIndex = 0; path = CustomerAppTests.xctest; sourceTree = BUILT_PRODUCTS_DIR; };
		626DEEBA1DD310EA00DFA46B /* CustomerAppTests.m */ = {isa = PBXFileReference; lastKnownFileType = sourcecode.c.objc; path = CustomerAppTests.m; sourceTree = "<group>"; };
		626DEEBC1DD310EA00DFA46B /* Info.plist */ = {isa = PBXFileReference; lastKnownFileType = text.plist.xml; path = Info.plist; sourceTree = "<group>"; };
		62A1EC7E1DD3EDF800F415B7 /* CASubmissionCollectionViewCell.h */ = {isa = PBXFileReference; fileEncoding = 4; lastKnownFileType = sourcecode.c.h; path = CASubmissionCollectionViewCell.h; sourceTree = "<group>"; };
		62A1EC7F1DD3EDF800F415B7 /* CASubmissionCollectionViewCell.m */ = {isa = PBXFileReference; fileEncoding = 4; lastKnownFileType = sourcecode.c.objc; path = CASubmissionCollectionViewCell.m; sourceTree = "<group>"; };
		62A1EC801DD3EDF800F415B7 /* CASubmissionCollectionViewCell.xib */ = {isa = PBXFileReference; fileEncoding = 4; lastKnownFileType = file.xib; path = CASubmissionCollectionViewCell.xib; sourceTree = "<group>"; };
		62A1EC831DD4626800F415B7 /* Localizable.strings */ = {isa = PBXFileReference; fileEncoding = 4; lastKnownFileType = text.plist.strings; path = Localizable.strings; sourceTree = "<group>"; };
		62A1EC851DD4657000F415B7 /* CATaskFormQuestion.h */ = {isa = PBXFileReference; fileEncoding = 4; lastKnownFileType = sourcecode.c.h; path = CATaskFormQuestion.h; sourceTree = "<group>"; };
		62A1EC861DD4657000F415B7 /* CATaskFormQuestion.m */ = {isa = PBXFileReference; fileEncoding = 4; lastKnownFileType = sourcecode.c.objc; path = CATaskFormQuestion.m; sourceTree = "<group>"; };
		62A1EC881DD46BBC00F415B7 /* CASubmission.h */ = {isa = PBXFileReference; fileEncoding = 4; lastKnownFileType = sourcecode.c.h; path = CASubmission.h; sourceTree = "<group>"; };
		62A1EC891DD46BBC00F415B7 /* CASubmission.m */ = {isa = PBXFileReference; fileEncoding = 4; lastKnownFileType = sourcecode.c.objc; path = CASubmission.m; sourceTree = "<group>"; };
		62A1EC8B1DD46BCB00F415B7 /* CAAnswer.h */ = {isa = PBXFileReference; fileEncoding = 4; lastKnownFileType = sourcecode.c.h; path = CAAnswer.h; sourceTree = "<group>"; };
		62A1EC8C1DD46BCC00F415B7 /* CAAnswer.m */ = {isa = PBXFileReference; fileEncoding = 4; lastKnownFileType = sourcecode.c.objc; path = CAAnswer.m; sourceTree = "<group>"; };
		62A1EC8E1DD4A0FA00F415B7 /* CAAnswerTableViewCell.h */ = {isa = PBXFileReference; fileEncoding = 4; lastKnownFileType = sourcecode.c.h; path = CAAnswerTableViewCell.h; sourceTree = "<group>"; };
		62A1EC8F1DD4A0FA00F415B7 /* CAAnswerTableViewCell.m */ = {isa = PBXFileReference; fileEncoding = 4; lastKnownFileType = sourcecode.c.objc; path = CAAnswerTableViewCell.m; sourceTree = "<group>"; };
		62A1EC901DD4A0FA00F415B7 /* CAAnswerTableViewCell.xib */ = {isa = PBXFileReference; fileEncoding = 4; lastKnownFileType = file.xib; path = CAAnswerTableViewCell.xib; sourceTree = "<group>"; };
		722A145B8F7DAE692EDD86DA /* Pods-CustomerApp.debug.xcconfig */ = {isa = PBXFileReference; includeInIndex = 1; lastKnownFileType = text.xcconfig; name = "Pods-CustomerApp.debug.xcconfig"; path = "Pods/Target Support Files/Pods-CustomerApp/Pods-CustomerApp.debug.xcconfig"; sourceTree = "<group>"; };
		787D4738A2DBAAD37295C855 /* Pods-CustomerApp.release.xcconfig */ = {isa = PBXFileReference; includeInIndex = 1; lastKnownFileType = text.xcconfig; name = "Pods-CustomerApp.release.xcconfig"; path = "Pods/Target Support Files/Pods-CustomerApp/Pods-CustomerApp.release.xcconfig"; sourceTree = "<group>"; };
		8CC1ECFD870D8E1BC7E51A77 /* Pods-CustomerAppTests.release.xcconfig */ = {isa = PBXFileReference; includeInIndex = 1; lastKnownFileType = text.xcconfig; name = "Pods-CustomerAppTests.release.xcconfig"; path = "Pods/Target Support Files/Pods-CustomerAppTests/Pods-CustomerAppTests.release.xcconfig"; sourceTree = "<group>"; };
		D42ACD85199554A9E641A912 /* libPods-CustomerAppTests.a */ = {isa = PBXFileReference; explicitFileType = archive.ar; includeInIndex = 0; path = "libPods-CustomerAppTests.a"; sourceTree = BUILT_PRODUCTS_DIR; };
		DC23A8B12390AEDBEA6EE6DA /* Pods-CustomerAppTests.debug.xcconfig */ = {isa = PBXFileReference; includeInIndex = 1; lastKnownFileType = text.xcconfig; name = "Pods-CustomerAppTests.debug.xcconfig"; path = "Pods/Target Support Files/Pods-CustomerAppTests/Pods-CustomerAppTests.debug.xcconfig"; sourceTree = "<group>"; };
/* End PBXFileReference section */

/* Begin PBXFrameworksBuildPhase section */
		626DEE9A1DD310E900DFA46B /* Frameworks */ = {
			isa = PBXFrameworksBuildPhase;
			buildActionMask = 2147483647;
			files = (
				CFD0F5D265A91662DC7A2A8C /* libPods-CustomerApp.a in Frameworks */,
			);
			runOnlyForDeploymentPostprocessing = 0;
		};
		626DEEB31DD310EA00DFA46B /* Frameworks */ = {
			isa = PBXFrameworksBuildPhase;
			buildActionMask = 2147483647;
			files = (
				460734C15C3A52B39820775E /* libPods-CustomerAppTests.a in Frameworks */,
			);
			runOnlyForDeploymentPostprocessing = 0;
		};
/* End PBXFrameworksBuildPhase section */

/* Begin PBXGroup section */
		421BAA4A5290396AE4A2FDF0 /* Frameworks */ = {
			isa = PBXGroup;
			children = (
				623124EEDBC81E92BBF39D72 /* libPods-CustomerApp.a */,
				D42ACD85199554A9E641A912 /* libPods-CustomerAppTests.a */,
			);
			name = Frameworks;
			sourceTree = "<group>";
		};
		622CECD21DD316AA00DAFB4E /* Reachability */ = {
			isa = PBXGroup;
			children = (
				622CECD31DD316AA00DAFB4E /* Reachability.h */,
				622CECD41DD316AA00DAFB4E /* Reachability.m */,
			);
			path = Reachability;
			sourceTree = "<group>";
		};
		622CECD91DD33CFB00DAFB4E /* Categories */ = {
			isa = PBXGroup;
			children = (
				622CECDA1DD33D0C00DAFB4E /* UIView+Loading.h */,
				622CECDB1DD33D0C00DAFB4E /* UIView+Loading.m */,
				622CECEC1DD34AB900DAFB4E /* NSDictionary+Additions.h */,
				622CECED1DD34AB900DAFB4E /* NSDictionary+Additions.m */,
			);
			name = Categories;
			sourceTree = "<group>";
		};
		626DEE941DD310E900DFA46B = {
			isa = PBXGroup;
			children = (
				626DEE9F1DD310E900DFA46B /* CustomerApp */,
				626DEEB91DD310EA00DFA46B /* CustomerAppTests */,
				626DEE9E1DD310E900DFA46B /* Products */,
				EE53009FFE5F974AC2194C4F /* Pods */,
				421BAA4A5290396AE4A2FDF0 /* Frameworks */,
			);
			sourceTree = "<group>";
		};
		626DEE9E1DD310E900DFA46B /* Products */ = {
			isa = PBXGroup;
			children = (
				626DEE9D1DD310E900DFA46B /* CustomerApp.app */,
				626DEEB61DD310EA00DFA46B /* CustomerAppTests.xctest */,
			);
			name = Products;
			sourceTree = "<group>";
		};
		626DEE9F1DD310E900DFA46B /* CustomerApp */ = {
			isa = PBXGroup;
			children = (
				622CECD91DD33CFB00DAFB4E /* Categories */,
				626DEEA31DD310E900DFA46B /* AppDelegate.h */,
				626DEEA41DD310E900DFA46B /* AppDelegate.m */,
				626DEEA91DD310E900DFA46B /* Main.storyboard */,
				626DEEAC1DD310E900DFA46B /* Assets.xcassets */,
				626DEEAE1DD310E900DFA46B /* LaunchScreen.storyboard */,
				626DEEB11DD310E900DFA46B /* Info.plist */,
				626DEEC71DD3112700DFA46B /* Managers */,
				626DEEC51DD3110F00DFA46B /* Flow */,
				626DEEC81DD3113700DFA46B /* Frameworks */,
				626DEEA01DD310E900DFA46B /* Supporting Files */,
			);
			path = CustomerApp;
			sourceTree = "<group>";
		};
		626DEEA01DD310E900DFA46B /* Supporting Files */ = {
			isa = PBXGroup;
			children = (
				626DEEA11DD310E900DFA46B /* main.m */,
				622CECD11DD314CE00DAFB4E /* CAPrefixHeader.pch */,
				62A1EC831DD4626800F415B7 /* Localizable.strings */,
			);
			name = "Supporting Files";
			sourceTree = "<group>";
		};
		626DEEB91DD310EA00DFA46B /* CustomerAppTests */ = {
			isa = PBXGroup;
			children = (
				626DEEBA1DD310EA00DFA46B /* CustomerAppTests.m */,
				626DEEBC1DD310EA00DFA46B /* Info.plist */,
			);
			path = CustomerAppTests;
			sourceTree = "<group>";
		};
		626DEEC51DD3110F00DFA46B /* Flow */ = {
			isa = PBXGroup;
			children = (
				626DEEC61DD3111E00DFA46B /* Models */,
				626DEECA1DD3116600DFA46B /* Views & Controllers */,
				626DEEC91DD3116000DFA46B /* Logics */,
			);
			name = Flow;
			sourceTree = "<group>";
		};
		626DEEC61DD3111E00DFA46B /* Models */ = {
			isa = PBXGroup;
			children = (
				622CECE91DD3498B00DAFB4E /* CAProject.h */,
				622CECEA1DD3498B00DAFB4E /* CAProject.m */,
				622CED2C1DD3746700DAFB4E /* CATaskForm.h */,
				622CED2D1DD3746700DAFB4E /* CATaskForm.m */,
				62A1EC851DD4657000F415B7 /* CATaskFormQuestion.h */,
				62A1EC861DD4657000F415B7 /* CATaskFormQuestion.m */,
				62A1EC881DD46BBC00F415B7 /* CASubmission.h */,
				62A1EC891DD46BBC00F415B7 /* CASubmission.m */,
				62A1EC8B1DD46BCB00F415B7 /* CAAnswer.h */,
				62A1EC8C1DD46BCC00F415B7 /* CAAnswer.m */,
			);
			name = Models;
			sourceTree = "<group>";
		};
		626DEEC71DD3112700DFA46B /* Managers */ = {
			isa = PBXGroup;
			children = (
				622CECC81DD3148900DAFB4E /* CAManager.h */,
				622CECC91DD3148900DAFB4E /* CAManager.m */,
				622CECCB1DD3149700DAFB4E /* CANetworkManager.h */,
				622CECCC1DD3149700DAFB4E /* CANetworkManager.m */,
				622CECCE1DD314A300DAFB4E /* CAAlertManager.h */,
				622CECCF1DD314A300DAFB4E /* CAAlertManager.m */,
				622CECDD1DD3429B00DAFB4E /* CANavigationBarStyler.h */,
				622CECDE1DD3429B00DAFB4E /* CANavigationBarStyler.m */,
			);
			name = Managers;
			sourceTree = "<group>";
		};
		626DEEC81DD3113700DFA46B /* Frameworks */ = {
			isa = PBXGroup;
			children = (
				622CECD21DD316AA00DAFB4E /* Reachability */,
			);
			name = Frameworks;
			sourceTree = "<group>";
		};
		626DEEC91DD3116000DFA46B /* Logics */ = {
			isa = PBXGroup;
			children = (
				622CECE01DD3474A00DAFB4E /* CASubmissionsLogic.h */,
				622CECE11DD3474A00DAFB4E /* CASubmissionsLogic.m */,
			);
			name = Logics;
			sourceTree = "<group>";
		};
		626DEECA1DD3116600DFA46B /* Views & Controllers */ = {
			isa = PBXGroup;
			children = (
				626DEECB1DD3117000DFA46B /* Views */,
				626DEECC1DD3117A00DFA46B /* View Controllers */,
			);
			name = "Views & Controllers";
			sourceTree = "<group>";
		};
		626DEECB1DD3117000DFA46B /* Views */ = {
			isa = PBXGroup;
			children = (
				62A1EC7E1DD3EDF800F415B7 /* CASubmissionCollectionViewCell.h */,
				62A1EC7F1DD3EDF800F415B7 /* CASubmissionCollectionViewCell.m */,
				62A1EC801DD3EDF800F415B7 /* CASubmissionCollectionViewCell.xib */,
				62A1EC8E1DD4A0FA00F415B7 /* CAAnswerTableViewCell.h */,
				62A1EC8F1DD4A0FA00F415B7 /* CAAnswerTableViewCell.m */,
				62A1EC901DD4A0FA00F415B7 /* CAAnswerTableViewCell.xib */,
			);
			name = Views;
			sourceTree = "<group>";
		};
		626DEECC1DD3117A00DFA46B /* View Controllers */ = {
			isa = PBXGroup;
			children = (
				622CECD61DD33C4000DAFB4E /* CASubmissionsViewController.h */,
				622CECD71DD33C4000DAFB4E /* CASubmissionsViewController.m */,
			);
			name = "View Controllers";
			sourceTree = "<group>";
		};
		EE53009FFE5F974AC2194C4F /* Pods */ = {
			isa = PBXGroup;
			children = (
				722A145B8F7DAE692EDD86DA /* Pods-CustomerApp.debug.xcconfig */,
				787D4738A2DBAAD37295C855 /* Pods-CustomerApp.release.xcconfig */,
				DC23A8B12390AEDBEA6EE6DA /* Pods-CustomerAppTests.debug.xcconfig */,
				8CC1ECFD870D8E1BC7E51A77 /* Pods-CustomerAppTests.release.xcconfig */,
			);
			name = Pods;
			sourceTree = "<group>";
		};
/* End PBXGroup section */

/* Begin PBXNativeTarget section */
		626DEE9C1DD310E900DFA46B /* CustomerApp */ = {
			isa = PBXNativeTarget;
			buildConfigurationList = 626DEEBF1DD310EA00DFA46B /* Build configuration list for PBXNativeTarget "CustomerApp" */;
			buildPhases = (
				7390AACC7DF050CA0C0421D1 /* Check Pods Manifest.lock */,
				626DEE991DD310E900DFA46B /* Sources */,
				626DEE9A1DD310E900DFA46B /* Frameworks */,
				626DEE9B1DD310E900DFA46B /* Resources */,
				68DA6374E03E25C56DCC20D8 /* Embed Pods Frameworks */,
				48031ACDA77DD52F3C49BE22 /* Copy Pods Resources */,
			);
			buildRules = (
			);
			dependencies = (
			);
			name = CustomerApp;
			productName = CustomerApp;
			productReference = 626DEE9D1DD310E900DFA46B /* CustomerApp.app */;
			productType = "com.apple.product-type.application";
		};
		626DEEB51DD310EA00DFA46B /* CustomerAppTests */ = {
			isa = PBXNativeTarget;
			buildConfigurationList = 626DEEC21DD310EA00DFA46B /* Build configuration list for PBXNativeTarget "CustomerAppTests" */;
			buildPhases = (
				CB2F51C95A3B7050F9D6CB28 /* Check Pods Manifest.lock */,
				626DEEB21DD310EA00DFA46B /* Sources */,
				626DEEB31DD310EA00DFA46B /* Frameworks */,
				626DEEB41DD310EA00DFA46B /* Resources */,
				A58ED39AF8EA5EFE83886FC1 /* Embed Pods Frameworks */,
				552800F542FE68DD511EDEE6 /* Copy Pods Resources */,
			);
			buildRules = (
			);
			dependencies = (
				626DEEB81DD310EA00DFA46B /* PBXTargetDependency */,
			);
			name = CustomerAppTests;
			productName = CustomerAppTests;
			productReference = 626DEEB61DD310EA00DFA46B /* CustomerAppTests.xctest */;
			productType = "com.apple.product-type.bundle.unit-test";
		};
/* End PBXNativeTarget section */

/* Begin PBXProject section */
		626DEE951DD310E900DFA46B /* Project object */ = {
			isa = PBXProject;
			attributes = {
				LastUpgradeCheck = 0730;
				ORGANIZATIONNAME = onursahindur;
				TargetAttributes = {
					626DEE9C1DD310E900DFA46B = {
						CreatedOnToolsVersion = 7.3.1;
					};
					626DEEB51DD310EA00DFA46B = {
						CreatedOnToolsVersion = 7.3.1;
						TestTargetID = 626DEE9C1DD310E900DFA46B;
					};
				};
			};
			buildConfigurationList = 626DEE981DD310E900DFA46B /* Build configuration list for PBXProject "CustomerApp" */;
			compatibilityVersion = "Xcode 3.2";
			developmentRegion = English;
			hasScannedForEncodings = 0;
			knownRegions = (
				en,
				Base,
			);
			mainGroup = 626DEE941DD310E900DFA46B;
			productRefGroup = 626DEE9E1DD310E900DFA46B /* Products */;
			projectDirPath = "";
			projectRoot = "";
			targets = (
				626DEE9C1DD310E900DFA46B /* CustomerApp */,
				626DEEB51DD310EA00DFA46B /* CustomerAppTests */,
			);
		};
/* End PBXProject section */

/* Begin PBXResourcesBuildPhase section */
		626DEE9B1DD310E900DFA46B /* Resources */ = {
			isa = PBXResourcesBuildPhase;
			buildActionMask = 2147483647;
			files = (
				62A1EC841DD4626800F415B7 /* Localizable.strings in Resources */,
				626DEEB01DD310E900DFA46B /* LaunchScreen.storyboard in Resources */,
				626DEEAD1DD310E900DFA46B /* Assets.xcassets in Resources */,
				62A1EC921DD4A0FA00F415B7 /* CAAnswerTableViewCell.xib in Resources */,
				62A1EC821DD3EDF800F415B7 /* CASubmissionCollectionViewCell.xib in Resources */,
				626DEEAB1DD310E900DFA46B /* Main.storyboard in Resources */,
			);
			runOnlyForDeploymentPostprocessing = 0;
		};
		626DEEB41DD310EA00DFA46B /* Resources */ = {
			isa = PBXResourcesBuildPhase;
			buildActionMask = 2147483647;
			files = (
			);
			runOnlyForDeploymentPostprocessing = 0;
		};
/* End PBXResourcesBuildPhase section */

/* Begin PBXShellScriptBuildPhase section */
		48031ACDA77DD52F3C49BE22 /* Copy Pods Resources */ = {
			isa = PBXShellScriptBuildPhase;
			buildActionMask = 2147483647;
			files = (
			);
			inputPaths = (
			);
			name = "Copy Pods Resources";
			outputPaths = (
			);
			runOnlyForDeploymentPostprocessing = 0;
			shellPath = /bin/sh;
			shellScript = "\"${SRCROOT}/Pods/Target Support Files/Pods-CustomerApp/Pods-CustomerApp-resources.sh\"\n";
			showEnvVarsInLog = 0;
		};
		552800F542FE68DD511EDEE6 /* Copy Pods Resources */ = {
			isa = PBXShellScriptBuildPhase;
			buildActionMask = 2147483647;
			files = (
			);
			inputPaths = (
			);
			name = "Copy Pods Resources";
			outputPaths = (
			);
			runOnlyForDeploymentPostprocessing = 0;
			shellPath = /bin/sh;
			shellScript = "\"${SRCROOT}/Pods/Target Support Files/Pods-CustomerAppTests/Pods-CustomerAppTests-resources.sh\"\n";
			showEnvVarsInLog = 0;
		};
		68DA6374E03E25C56DCC20D8 /* Embed Pods Frameworks */ = {
			isa = PBXShellScriptBuildPhase;
			buildActionMask = 2147483647;
			files = (
			);
			inputPaths = (
			);
			name = "Embed Pods Frameworks";
			outputPaths = (
			);
			runOnlyForDeploymentPostprocessing = 0;
			shellPath = /bin/sh;
			shellScript = "\"${SRCROOT}/Pods/Target Support Files/Pods-CustomerApp/Pods-CustomerApp-frameworks.sh\"\n";
			showEnvVarsInLog = 0;
		};
		7390AACC7DF050CA0C0421D1 /* Check Pods Manifest.lock */ = {
			isa = PBXShellScriptBuildPhase;
			buildActionMask = 2147483647;
			files = (
			);
			inputPaths = (
			);
			name = "Check Pods Manifest.lock";
			outputPaths = (
			);
			runOnlyForDeploymentPostprocessing = 0;
			shellPath = /bin/sh;
			shellScript = "diff \"${PODS_ROOT}/../Podfile.lock\" \"${PODS_ROOT}/Manifest.lock\" > /dev/null\nif [[ $? != 0 ]] ; then\n    cat << EOM\nerror: The sandbox is not in sync with the Podfile.lock. Run 'pod install' or update your CocoaPods installation.\nEOM\n    exit 1\nfi\n";
			showEnvVarsInLog = 0;
		};
		A58ED39AF8EA5EFE83886FC1 /* Embed Pods Frameworks */ = {
			isa = PBXShellScriptBuildPhase;
			buildActionMask = 2147483647;
			files = (
			);
			inputPaths = (
			);
			name = "Embed Pods Frameworks";
			outputPaths = (
			);
			runOnlyForDeploymentPostprocessing = 0;
			shellPath = /bin/sh;
			shellScript = "\"${SRCROOT}/Pods/Target Support Files/Pods-CustomerAppTests/Pods-CustomerAppTests-frameworks.sh\"\n";
			showEnvVarsInLog = 0;
		};
		CB2F51C95A3B7050F9D6CB28 /* Check Pods Manifest.lock */ = {
			isa = PBXShellScriptBuildPhase;
			buildActionMask = 2147483647;
			files = (
			);
			inputPaths = (
			);
			name = "Check Pods Manifest.lock";
			outputPaths = (
			);
			runOnlyForDeploymentPostprocessing = 0;
			shellPath = /bin/sh;
			shellScript = "diff \"${PODS_ROOT}/../Podfile.lock\" \"${PODS_ROOT}/Manifest.lock\" > /dev/null\nif [[ $? != 0 ]] ; then\n    cat << EOM\nerror: The sandbox is not in sync with the Podfile.lock. Run 'pod install' or update your CocoaPods installation.\nEOM\n    exit 1\nfi\n";
			showEnvVarsInLog = 0;
		};
/* End PBXShellScriptBuildPhase section */

/* Begin PBXSourcesBuildPhase section */
		626DEE991DD310E900DFA46B /* Sources */ = {
			isa = PBXSourcesBuildPhase;
			buildActionMask = 2147483647;
			files = (
				62A1EC8D1DD46BCC00F415B7 /* CAAnswer.m in Sources */,
				622CECEE1DD34AB900DAFB4E /* NSDictionary+Additions.m in Sources */,
				622CECCD1DD3149700DAFB4E /* CANetworkManager.m in Sources */,
				622CECEB1DD3498B00DAFB4E /* CAProject.m in Sources */,
				622CECD81DD33C4000DAFB4E /* CASubmissionsViewController.m in Sources */,
				622CECDF1DD3429B00DAFB4E /* CANavigationBarStyler.m in Sources */,
				622CECD01DD314A300DAFB4E /* CAAlertManager.m in Sources */,
				62A1EC811DD3EDF800F415B7 /* CASubmissionCollectionViewCell.m in Sources */,
				622CECD51DD316AA00DAFB4E /* Reachability.m in Sources */,
				62A1EC911DD4A0FA00F415B7 /* CAAnswerTableViewCell.m in Sources */,
				622CECCA1DD3148900DAFB4E /* CAManager.m in Sources */,
				62A1EC8A1DD46BBC00F415B7 /* CASubmission.m in Sources */,
				626DEEA51DD310E900DFA46B /* AppDelegate.m in Sources */,
				626DEEA21DD310E900DFA46B /* main.m in Sources */,
				622CECE21DD3474A00DAFB4E /* CASubmissionsLogic.m in Sources */,
				622CED2E1DD3746700DAFB4E /* CATaskForm.m in Sources */,
				622CECDC1DD33D0C00DAFB4E /* UIView+Loading.m in Sources */,
				62A1EC871DD4657000F415B7 /* CATaskFormQuestion.m in Sources */,
			);
			runOnlyForDeploymentPostprocessing = 0;
		};
		626DEEB21DD310EA00DFA46B /* Sources */ = {
			isa = PBXSourcesBuildPhase;
			buildActionMask = 2147483647;
			files = (
				626DEEBB1DD310EA00DFA46B /* CustomerAppTests.m in Sources */,
			);
			runOnlyForDeploymentPostprocessing = 0;
		};
/* End PBXSourcesBuildPhase section */

/* Begin PBXTargetDependency section */
		626DEEB81DD310EA00DFA46B /* PBXTargetDependency */ = {
			isa = PBXTargetDependency;
			target = 626DEE9C1DD310E900DFA46B /* CustomerApp */;
			targetProxy = 626DEEB71DD310EA00DFA46B /* PBXContainerItemProxy */;
		};
/* End PBXTargetDependency section */

/* Begin PBXVariantGroup section */
		626DEEA91DD310E900DFA46B /* Main.storyboard */ = {
			isa = PBXVariantGroup;
			children = (
				626DEEAA1DD310E900DFA46B /* Base */,
			);
			name = Main.storyboard;
			sourceTree = "<group>";
		};
		626DEEAE1DD310E900DFA46B /* LaunchScreen.storyboard */ = {
			isa = PBXVariantGroup;
			children = (
				626DEEAF1DD310E900DFA46B /* Base */,
			);
			name = LaunchScreen.storyboard;
			sourceTree = "<group>";
		};
/* End PBXVariantGroup section */

/* Begin XCBuildConfiguration section */
		626DEEBD1DD310EA00DFA46B /* Debug */ = {
			isa = XCBuildConfiguration;
			buildSettings = {
				ALWAYS_SEARCH_USER_PATHS = NO;
				CLANG_ANALYZER_NONNULL = YES;
				CLANG_CXX_LANGUAGE_STANDARD = "gnu++0x";
				CLANG_CXX_LIBRARY = "libc++";
				CLANG_ENABLE_MODULES = YES;
				CLANG_ENABLE_OBJC_ARC = YES;
				CLANG_WARN_BOOL_CONVERSION = YES;
				CLANG_WARN_CONSTANT_CONVERSION = YES;
				CLANG_WARN_DIRECT_OBJC_ISA_USAGE = YES_ERROR;
				CLANG_WARN_EMPTY_BODY = YES;
				CLANG_WARN_ENUM_CONVERSION = YES;
				CLANG_WARN_INT_CONVERSION = YES;
				CLANG_WARN_OBJC_ROOT_CLASS = YES_ERROR;
				CLANG_WARN_UNREACHABLE_CODE = YES;
				CLANG_WARN__DUPLICATE_METHOD_MATCH = YES;
				"CODE_SIGN_IDENTITY[sdk=iphoneos*]" = "iPhone Developer";
				COPY_PHASE_STRIP = NO;
				DEBUG_INFORMATION_FORMAT = dwarf;
				ENABLE_STRICT_OBJC_MSGSEND = YES;
				ENABLE_TESTABILITY = YES;
				GCC_C_LANGUAGE_STANDARD = gnu99;
				GCC_DYNAMIC_NO_PIC = NO;
				GCC_NO_COMMON_BLOCKS = YES;
				GCC_OPTIMIZATION_LEVEL = 0;
				GCC_PREPROCESSOR_DEFINITIONS = (
					"DEBUG=1",
					"$(inherited)",
				);
				GCC_WARN_64_TO_32_BIT_CONVERSION = YES;
				GCC_WARN_ABOUT_RETURN_TYPE = YES_ERROR;
				GCC_WARN_UNDECLARED_SELECTOR = YES;
				GCC_WARN_UNINITIALIZED_AUTOS = YES_AGGRESSIVE;
				GCC_WARN_UNUSED_FUNCTION = YES;
				GCC_WARN_UNUSED_VARIABLE = YES;
				IPHONEOS_DEPLOYMENT_TARGET = 9.3;
				MTL_ENABLE_DEBUG_INFO = YES;
				ONLY_ACTIVE_ARCH = YES;
				SDKROOT = iphoneos;
			};
			name = Debug;
		};
		626DEEBE1DD310EA00DFA46B /* Release */ = {
			isa = XCBuildConfiguration;
			buildSettings = {
				ALWAYS_SEARCH_USER_PATHS = NO;
				CLANG_ANALYZER_NONNULL = YES;
				CLANG_CXX_LANGUAGE_STANDARD = "gnu++0x";
				CLANG_CXX_LIBRARY = "libc++";
				CLANG_ENABLE_MODULES = YES;
				CLANG_ENABLE_OBJC_ARC = YES;
				CLANG_WARN_BOOL_CONVERSION = YES;
				CLANG_WARN_CONSTANT_CONVERSION = YES;
				CLANG_WARN_DIRECT_OBJC_ISA_USAGE = YES_ERROR;
				CLANG_WARN_EMPTY_BODY = YES;
				CLANG_WARN_ENUM_CONVERSION = YES;
				CLANG_WARN_INT_CONVERSION = YES;
				CLANG_WARN_OBJC_ROOT_CLASS = YES_ERROR;
				CLANG_WARN_UNREACHABLE_CODE = YES;
				CLANG_WARN__DUPLICATE_METHOD_MATCH = YES;
				"CODE_SIGN_IDENTITY[sdk=iphoneos*]" = "iPhone Developer";
				COPY_PHASE_STRIP = NO;
				DEBUG_INFORMATION_FORMAT = "dwarf-with-dsym";
				ENABLE_NS_ASSERTIONS = NO;
				ENABLE_STRICT_OBJC_MSGSEND = YES;
				GCC_C_LANGUAGE_STANDARD = gnu99;
				GCC_NO_COMMON_BLOCKS = YES;
				GCC_WARN_64_TO_32_BIT_CONVERSION = YES;
				GCC_WARN_ABOUT_RETURN_TYPE = YES_ERROR;
				GCC_WARN_UNDECLARED_SELECTOR = YES;
				GCC_WARN_UNINITIALIZED_AUTOS = YES_AGGRESSIVE;
				GCC_WARN_UNUSED_FUNCTION = YES;
				GCC_WARN_UNUSED_VARIABLE = YES;
				IPHONEOS_DEPLOYMENT_TARGET = 9.3;
				MTL_ENABLE_DEBUG_INFO = NO;
				SDKROOT = iphoneos;
				VALIDATE_PRODUCT = YES;
			};
			name = Release;
		};
		626DEEC01DD310EA00DFA46B /* Debug */ = {
			isa = XCBuildConfiguration;
			baseConfigurationReference = 722A145B8F7DAE692EDD86DA /* Pods-CustomerApp.debug.xcconfig */;
			buildSettings = {
				ASSETCATALOG_COMPILER_APPICON_NAME = AppIcon;
				GCC_PRECOMPILE_PREFIX_HEADER = YES;
				GCC_PREFIX_HEADER = CustomerApp/CAPrefixHeader.pch;
				INFOPLIST_FILE = CustomerApp/Info.plist;
				IPHONEOS_DEPLOYMENT_TARGET = 8.0;
				LD_RUNPATH_SEARCH_PATHS = "$(inherited) @executable_path/Frameworks";
				PRODUCT_BUNDLE_IDENTIFIER = com.onursahindur.CustomerApp;
				PRODUCT_NAME = "$(TARGET_NAME)";
			};
			name = Debug;
		};
		626DEEC11DD310EA00DFA46B /* Release */ = {
			isa = XCBuildConfiguration;
			baseConfigurationReference = 787D4738A2DBAAD37295C855 /* Pods-CustomerApp.release.xcconfig */;
			buildSettings = {
				ASSETCATALOG_COMPILER_APPICON_NAME = AppIcon;
				GCC_PRECOMPILE_PREFIX_HEADER = YES;
				GCC_PREFIX_HEADER = CustomerApp/CAPrefixHeader.pch;
				INFOPLIST_FILE = CustomerApp/Info.plist;
				IPHONEOS_DEPLOYMENT_TARGET = 8.0;
				LD_RUNPATH_SEARCH_PATHS = "$(inherited) @executable_path/Frameworks";
				PRODUCT_BUNDLE_IDENTIFIER = com.onursahindur.CustomerApp;
				PRODUCT_NAME = "$(TARGET_NAME)";
			};
			name = Release;
		};
		626DEEC31DD310EA00DFA46B /* Debug */ = {
			isa = XCBuildConfiguration;
			baseConfigurationReference = DC23A8B12390AEDBEA6EE6DA /* Pods-CustomerAppTests.debug.xcconfig */;
			buildSettings = {
				BUNDLE_LOADER = "$(TEST_HOST)";
				INFOPLIST_FILE = CustomerAppTests/Info.plist;
				LD_RUNPATH_SEARCH_PATHS = "$(inherited) @executable_path/Frameworks @loader_path/Frameworks";
				PRODUCT_BUNDLE_IDENTIFIER = com.onursahindur.CustomerAppTests;
				PRODUCT_NAME = "$(TARGET_NAME)";
				TEST_HOST = "$(BUILT_PRODUCTS_DIR)/CustomerApp.app/CustomerApp";
			};
			name = Debug;
		};
		626DEEC41DD310EA00DFA46B /* Release */ = {
			isa = XCBuildConfiguration;
			baseConfigurationReference = 8CC1ECFD870D8E1BC7E51A77 /* Pods-CustomerAppTests.release.xcconfig */;
			buildSettings = {
				BUNDLE_LOADER = "$(TEST_HOST)";
				INFOPLIST_FILE = CustomerAppTests/Info.plist;
				LD_RUNPATH_SEARCH_PATHS = "$(inherited) @executable_path/Frameworks @loader_path/Frameworks";
				PRODUCT_BUNDLE_IDENTIFIER = com.onursahindur.CustomerAppTests;
				PRODUCT_NAME = "$(TARGET_NAME)";
				TEST_HOST = "$(BUILT_PRODUCTS_DIR)/CustomerApp.app/CustomerApp";
			};
			name = Release;
		};
/* End XCBuildConfiguration section */

/* Begin XCConfigurationList section */
		626DEE981DD310E900DFA46B /* Build configuration list for PBXProject "CustomerApp" */ = {
			isa = XCConfigurationList;
			buildConfigurations = (
				626DEEBD1DD310EA00DFA46B /* Debug */,
				626DEEBE1DD310EA00DFA46B /* Release */,
			);
			defaultConfigurationIsVisible = 0;
			defaultConfigurationName = Release;
		};
		626DEEBF1DD310EA00DFA46B /* Build configuration list for PBXNativeTarget "CustomerApp" */ = {
			isa = XCConfigurationList;
			buildConfigurations = (
				626DEEC01DD310EA00DFA46B /* Debug */,
				626DEEC11DD310EA00DFA46B /* Release */,
			);
			defaultConfigurationIsVisible = 0;
			defaultConfigurationName = Release;
		};
		626DEEC21DD310EA00DFA46B /* Build configuration list for PBXNativeTarget "CustomerAppTests" */ = {
			isa = XCConfigurationList;
			buildConfigurations = (
				626DEEC31DD310EA00DFA46B /* Debug */,
				626DEEC41DD310EA00DFA46B /* Release */,
			);
			defaultConfigurationIsVisible = 0;
			defaultConfigurationName = Release;
		};
/* End XCConfigurationList section */
	};
	rootObject = 626DEE951DD310E900DFA46B /* Project object */;
}
